
Microsoft Visual Studio Solution File, Format Version 12.00
# Visual Studio Version 16
VisualStudioVersion = 16.0.31321.278
MinimumVisualStudioVersion = 10.0.40219.1
Project("{9A19103F-16F7-4668-BE54-9A1E7A4F7556}") = "NebulaCompatibilityAssist", "NebulaCompatibilityAssist\NebulaCompatibilityAssist.csproj", "{81CC9FE0-5F90-45E8-BE83-3C6F125C3158}"
EndProject
Project("{FAE04EC0-301F-11D3-BF4B-00C04F79EFBC}") = "ModFixerOnePreloader", "ModFixerOnePreloader\ModFixerOnePreloader.csproj", "{DFAE1E99-3B26-43C4-BD5C-40F86CB3A6D1}"
EndProject
Project("{9A19103F-16F7-4668-BE54-9A1E7A4F7556}") = "ModFixerOne", "ModFixerOne\ModFixerOne.csproj", "{40BB110B-CC48-4BD5-AB81-26AF6D3BA2BC}"
EndProject
Project("{9A19103F-16F7-4668-BE54-9A1E7A4F7556}") = "FactoryLocator", "FactoryLocator\FactoryLocator.csproj", "{9447B58A-F64F-4704-8C4C-B3CBB5BD8228}"
EndProject
Project("{9A19103F-16F7-4668-BE54-9A1E7A4F7556}") = "SF_ChinesePatch", "SF_ChinesePatch\SF_ChinesePatch.csproj", "{C99E25F8-9144-4B00-B199-D137CBE641C6}"
EndProject
Project("{9A19103F-16F7-4668-BE54-9A1E7A4F7556}") = "StatsUITweaks", "StatsUITweaks\StatsUITweaks.csproj", "{1E7B7FAE-C806-43CA-BE3D-D937D7100783}"
EndProject
Project("{9A19103F-16F7-4668-BE54-9A1E7A4F7556}") = "ErrorAnalyzer", "ErrorAnalyzer\ErrorAnalyzer.csproj", "{DA417FCA-942F-4928-867B-7DF0D9BA0CDC}"
EndProject
Project("{2150E333-8FDC-42A3-9474-1A3956D46DE8}") = "3rdParty", "3rdParty", "{D3E35FE2-44FD-46B6-9C34-AFCEACA37879}"
EndProject
Project("{9A19103F-16F7-4668-BE54-9A1E7A4F7556}") = "LDBTool", "DSP_LDBTool\LDBTool\LDBTool.csproj", "{6D0D70CB-A653-4BD3-A2CF-27444FAC7EAD}"
EndProject
Project("{9A19103F-16F7-4668-BE54-9A1E7A4F7556}") = "DSPModSave", "DSP-Mods\Mods\DSPModSave\src\DSPModSave\DSPModSave.csproj", "{94576DCD-0103-4321-8915-10C4B54239C5}"
EndProject
Project("{9A19103F-16F7-4668-BE54-9A1E7A4F7556}") = "PlanetFinder", "DSP_PlanetFinder\PlanetFinder\PlanetFinder.csproj", "{43CACCED-1C08-475C-80C9-8A77158A4BD9}"
EndProject
Project("{9A19103F-16F7-4668-BE54-9A1E7A4F7556}") = "MyFirstPlugin", "DSPTransferInfo\MyFirstPlugin.csproj", "{3C7FD14A-F02E-44A4-8B85-5D50BB39305D}"
EndProject
Project("{9A19103F-16F7-4668-BE54-9A1E7A4F7556}") = "Bottleneck", "DSP_Bottleneck\Bottleneck.csproj", "{D6F3FD40-5BFD-4711-9815-2311BE9B776B}"
EndProject
Project("{FAE04EC0-301F-11D3-BF4B-00C04F79EFBC}") = "DSPTransportStat", "IndexOutOfRangeDSPMod\DSPTransportStat\DSPTransportStat.csproj", "{585F2555-79D3-49B3-9474-AFFF8CC50B05}"
EndProject
Global
	GlobalSection(SolutionConfigurationPlatforms) = preSolution
		Debug|Any CPU = Debug|Any CPU
		Release|Any CPU = Release|Any CPU
	EndGlobalSection
	GlobalSection(ProjectConfigurationPlatforms) = postSolution
		{81CC9FE0-5F90-45E8-BE83-3C6F125C3158}.Debug|Any CPU.ActiveCfg = Debug|Any CPU
		{81CC9FE0-5F90-45E8-BE83-3C6F125C3158}.Debug|Any CPU.Build.0 = Debug|Any CPU
		{81CC9FE0-5F90-45E8-BE83-3C6F125C3158}.Release|Any CPU.ActiveCfg = Release|Any CPU
		{81CC9FE0-5F90-45E8-BE83-3C6F125C3158}.Release|Any CPU.Build.0 = Release|Any CPU
		{DFAE1E99-3B26-43C4-BD5C-40F86CB3A6D1}.Debug|Any CPU.ActiveCfg = Debug|Any CPU
		{DFAE1E99-3B26-43C4-BD5C-40F86CB3A6D1}.Debug|Any CPU.Build.0 = Debug|Any CPU
		{DFAE1E99-3B26-43C4-BD5C-40F86CB3A6D1}.Release|Any CPU.ActiveCfg = Release|Any CPU
		{DFAE1E99-3B26-43C4-BD5C-40F86CB3A6D1}.Release|Any CPU.Build.0 = Release|Any CPU
		{40BB110B-CC48-4BD5-AB81-26AF6D3BA2BC}.Debug|Any CPU.ActiveCfg = Debug|Any CPU
		{40BB110B-CC48-4BD5-AB81-26AF6D3BA2BC}.Debug|Any CPU.Build.0 = Debug|Any CPU
		{40BB110B-CC48-4BD5-AB81-26AF6D3BA2BC}.Release|Any CPU.ActiveCfg = Release|Any CPU
		{40BB110B-CC48-4BD5-AB81-26AF6D3BA2BC}.Release|Any CPU.Build.0 = Release|Any CPU
		{9447B58A-F64F-4704-8C4C-B3CBB5BD8228}.Debug|Any CPU.ActiveCfg = Debug|Any CPU
		{9447B58A-F64F-4704-8C4C-B3CBB5BD8228}.Debug|Any CPU.Build.0 = Debug|Any CPU
		{9447B58A-F64F-4704-8C4C-B3CBB5BD8228}.Release|Any CPU.ActiveCfg = Release|Any CPU
		{9447B58A-F64F-4704-8C4C-B3CBB5BD8228}.Release|Any CPU.Build.0 = Release|Any CPU
		{C99E25F8-9144-4B00-B199-D137CBE641C6}.Debug|Any CPU.ActiveCfg = Debug|Any CPU
		{C99E25F8-9144-4B00-B199-D137CBE641C6}.Debug|Any CPU.Build.0 = Debug|Any CPU
		{C99E25F8-9144-4B00-B199-D137CBE641C6}.Release|Any CPU.ActiveCfg = Release|Any CPU
		{C99E25F8-9144-4B00-B199-D137CBE641C6}.Release|Any CPU.Build.0 = Release|Any CPU
		{1E7B7FAE-C806-43CA-BE3D-D937D7100783}.Debug|Any CPU.ActiveCfg = Debug|Any CPU
		{1E7B7FAE-C806-43CA-BE3D-D937D7100783}.Debug|Any CPU.Build.0 = Debug|Any CPU
		{1E7B7FAE-C806-43CA-BE3D-D937D7100783}.Release|Any CPU.ActiveCfg = Release|Any CPU
		{1E7B7FAE-C806-43CA-BE3D-D937D7100783}.Release|Any CPU.Build.0 = Release|Any CPU
		{DA417FCA-942F-4928-867B-7DF0D9BA0CDC}.Debug|Any CPU.ActiveCfg = Debug|Any CPU
		{DA417FCA-942F-4928-867B-7DF0D9BA0CDC}.Debug|Any CPU.Build.0 = Debug|Any CPU
		{DA417FCA-942F-4928-867B-7DF0D9BA0CDC}.Release|Any CPU.ActiveCfg = Release|Any CPU
		{DA417FCA-942F-4928-867B-7DF0D9BA0CDC}.Release|Any CPU.Build.0 = Release|Any CPU
		{6D0D70CB-A653-4BD3-A2CF-27444FAC7EAD}.Debug|Any CPU.ActiveCfg = Debug|Any CPU
		{6D0D70CB-A653-4BD3-A2CF-27444FAC7EAD}.Debug|Any CPU.Build.0 = Debug|Any CPU
		{6D0D70CB-A653-4BD3-A2CF-27444FAC7EAD}.Release|Any CPU.ActiveCfg = Release|Any CPU
		{6D0D70CB-A653-4BD3-A2CF-27444FAC7EAD}.Release|Any CPU.Build.0 = Release|Any CPU
		{94576DCD-0103-4321-8915-10C4B54239C5}.Debug|Any CPU.ActiveCfg = Debug|Any CPU
		{94576DCD-0103-4321-8915-10C4B54239C5}.Debug|Any CPU.Build.0 = Debug|Any CPU
		{94576DCD-0103-4321-8915-10C4B54239C5}.Release|Any CPU.ActiveCfg = Release|Any CPU
		{94576DCD-0103-4321-8915-10C4B54239C5}.Release|Any CPU.Build.0 = Release|Any CPU
		{43CACCED-1C08-475C-80C9-8A77158A4BD9}.Debug|Any CPU.ActiveCfg = Debug|Any CPU
		{43CACCED-1C08-475C-80C9-8A77158A4BD9}.Debug|Any CPU.Build.0 = Debug|Any CPU
		{43CACCED-1C08-475C-80C9-8A77158A4BD9}.Release|Any CPU.ActiveCfg = Release|Any CPU
		{43CACCED-1C08-475C-80C9-8A77158A4BD9}.Release|Any CPU.Build.0 = Release|Any CPU
		{3C7FD14A-F02E-44A4-8B85-5D50BB39305D}.Debug|Any CPU.ActiveCfg = Debug|Any CPU
		{3C7FD14A-F02E-44A4-8B85-5D50BB39305D}.Debug|Any CPU.Build.0 = Debug|Any CPU
		{3C7FD14A-F02E-44A4-8B85-5D50BB39305D}.Release|Any CPU.ActiveCfg = Release|Any CPU
		{3C7FD14A-F02E-44A4-8B85-5D50BB39305D}.Release|Any CPU.Build.0 = Release|Any CPU
		{D6F3FD40-5BFD-4711-9815-2311BE9B776B}.Debug|Any CPU.ActiveCfg = Debug|Any CPU
		{D6F3FD40-5BFD-4711-9815-2311BE9B776B}.Debug|Any CPU.Build.0 = Debug|Any CPU
		{D6F3FD40-5BFD-4711-9815-2311BE9B776B}.Release|Any CPU.ActiveCfg = Release|Any CPU
		{D6F3FD40-5BFD-4711-9815-2311BE9B776B}.Release|Any CPU.Build.0 = Release|Any CPU
		{585F2555-79D3-49B3-9474-AFFF8CC50B05}.Debug|Any CPU.ActiveCfg = Debug|Any CPU
		{585F2555-79D3-49B3-9474-AFFF8CC50B05}.Debug|Any CPU.Build.0 = Debug|Any CPU
		{585F2555-79D3-49B3-9474-AFFF8CC50B05}.Release|Any CPU.ActiveCfg = Release|Any CPU
		{585F2555-79D3-49B3-9474-AFFF8CC50B05}.Release|Any CPU.Build.0 = Release|Any CPU
	EndGlobalSection
	GlobalSection(SolutionProperties) = preSolution
		HideSolutionNode = FALSE
	EndGlobalSection
	GlobalSection(NestedProjects) = preSolution
		{6D0D70CB-A653-4BD3-A2CF-27444FAC7EAD} = {D3E35FE2-44FD-46B6-9C34-AFCEACA37879}
		{94576DCD-0103-4321-8915-10C4B54239C5} = {D3E35FE2-44FD-46B6-9C34-AFCEACA37879}
		{43CACCED-1C08-475C-80C9-8A77158A4BD9} = {D3E35FE2-44FD-46B6-9C34-AFCEACA37879}
		{3C7FD14A-F02E-44A4-8B85-5D50BB39305D} = {D3E35FE2-44FD-46B6-9C34-AFCEACA37879}
		{D6F3FD40-5BFD-4711-9815-2311BE9B776B} = {D3E35FE2-44FD-46B6-9C34-AFCEACA37879}
		{585F2555-79D3-49B3-9474-AFFF8CC50B05} = {D3E35FE2-44FD-46B6-9C34-AFCEACA37879}
	EndGlobalSection
	GlobalSection(ExtensibilityGlobals) = postSolution
		SolutionGuid = {ECCEAD65-C209-4689-81E3-02218CF68685}
	EndGlobalSection
EndGlobal
